// !$*UTF8*$!
{
	archiveVersion = 1;
	classes = {
	};
	objectVersion = 50;
	objects = {

/* Begin PBXBuildFile section */
		14105F8E22061A740094BE13 /* AppDelegate.swift in Sources */ = {isa = PBXBuildFile; fileRef = 14105F8D22061A740094BE13 /* AppDelegate.swift */; };
		14105F9022061A740094BE13 /* ViewController.swift in Sources */ = {isa = PBXBuildFile; fileRef = 14105F8F22061A740094BE13 /* ViewController.swift */; };
		14105F9322061A740094BE13 /* Main.storyboard in Resources */ = {isa = PBXBuildFile; fileRef = 14105F9122061A740094BE13 /* Main.storyboard */; };
		14105F9622061A740094BE13 /* SwiftBasics.xcdatamodeld in Sources */ = {isa = PBXBuildFile; fileRef = 14105F9422061A740094BE13 /* SwiftBasics.xcdatamodeld */; };
		14105F9822061A750094BE13 /* Assets.xcassets in Resources */ = {isa = PBXBuildFile; fileRef = 14105F9722061A750094BE13 /* Assets.xcassets */; };
		14105F9B22061A750094BE13 /* LaunchScreen.storyboard in Resources */ = {isa = PBXBuildFile; fileRef = 14105F9922061A750094BE13 /* LaunchScreen.storyboard */; };
		14105FA622061A750094BE13 /* SwiftBasicsUITests.swift in Sources */ = {isa = PBXBuildFile; fileRef = 14105FA522061A750094BE13 /* SwiftBasicsUITests.swift */; };
/* End PBXBuildFile section */

/* Begin PBXContainerItemProxy section */
		14105FA222061A750094BE13 /* PBXContainerItemProxy */ = {
			isa = PBXContainerItemProxy;
			containerPortal = 14105F8222061A740094BE13 /* Project object */;
			proxyType = 1;
			remoteGlobalIDString = 14105F8922061A740094BE13;
			remoteInfo = SwiftBasics;
		};
/* End PBXContainerItemProxy section */

/* Begin PBXFileReference section */
		14105F8A22061A740094BE13 /* SwiftBasics.app */ = {isa = PBXFileReference; explicitFileType = wrapper.application; includeInIndex = 0; path = SwiftBasics.app; sourceTree = BUILT_PRODUCTS_DIR; };
		14105F8D22061A740094BE13 /* AppDelegate.swift */ = {isa = PBXFileReference; lastKnownFileType = sourcecode.swift; path = AppDelegate.swift; sourceTree = "<group>"; };
		14105F8F22061A740094BE13 /* ViewController.swift */ = {isa = PBXFileReference; lastKnownFileType = sourcecode.swift; path = ViewController.swift; sourceTree = "<group>"; };
		14105F9222061A740094BE13 /* Base */ = {isa = PBXFileReference; lastKnownFileType = file.storyboard; name = Base; path = Base.lproj/Main.storyboard; sourceTree = "<group>"; };
		14105F9522061A740094BE13 /* SwiftBasics.xcdatamodel */ = {isa = PBXFileReference; lastKnownFileType = wrapper.xcdatamodel; path = SwiftBasics.xcdatamodel; sourceTree = "<group>"; };
		14105F9722061A750094BE13 /* Assets.xcassets */ = {isa = PBXFileReference; lastKnownFileType = folder.assetcatalog; path = Assets.xcassets; sourceTree = "<group>"; };
		14105F9A22061A750094BE13 /* Base */ = {isa = PBXFileReference; lastKnownFileType = file.storyboard; name = Base; path = Base.lproj/LaunchScreen.storyboard; sourceTree = "<group>"; };
		14105F9C22061A750094BE13 /* Info.plist */ = {isa = PBXFileReference; lastKnownFileType = text.plist.xml; path = Info.plist; sourceTree = "<group>"; };
		14105FA122061A750094BE13 /* SwiftBasicsUITests.xctest */ = {isa = PBXFileReference; explicitFileType = wrapper.cfbundle; includeInIndex = 0; path = SwiftBasicsUITests.xctest; sourceTree = BUILT_PRODUCTS_DIR; };
		14105FA522061A750094BE13 /* SwiftBasicsUITests.swift */ = {isa = PBXFileReference; lastKnownFileType = sourcecode.swift; path = SwiftBasicsUITests.swift; sourceTree = "<group>"; };
		14105FA722061A750094BE13 /* Info.plist */ = {isa = PBXFileReference; lastKnownFileType = text.plist.xml; path = Info.plist; sourceTree = "<group>"; };
/* End PBXFileReference section */

/* Begin PBXFrameworksBuildPhase section */
		14105F8722061A740094BE13 /* Frameworks */ = {
			isa = PBXFrameworksBuildPhase;
			buildActionMask = 2147483647;
			files = (
			);
			runOnlyForDeploymentPostprocessing = 0;
		};
		14105F9E22061A750094BE13 /* Frameworks */ = {
			isa = PBXFrameworksBuildPhase;
			buildActionMask = 2147483647;
			files = (
			);
			runOnlyForDeploymentPostprocessing = 0;
		};
/* End PBXFrameworksBuildPhase section */

/* Begin PBXGroup section */
		14105F8122061A740094BE13 = {
			isa = PBXGroup;
			children = (
				14105F8C22061A740094BE13 /* SwiftBasics */,
				14105FA422061A750094BE13 /* SwiftBasicsUITests */,
				14105F8B22061A740094BE13 /* Products */,
			);
			sourceTree = "<group>";
		};
		14105F8B22061A740094BE13 /* Products */ = {
			isa = PBXGroup;
			children = (
				14105F8A22061A740094BE13 /* SwiftBasics.app */,
				14105FA122061A750094BE13 /* SwiftBasicsUITests.xctest */,
			);
			name = Products;
			sourceTree = "<group>";
		};
		14105F8C22061A740094BE13 /* SwiftBasics */ = {
			isa = PBXGroup;
			children = (
				14105F8D22061A740094BE13 /* AppDelegate.swift */,
				14105F8F22061A740094BE13 /* ViewController.swift */,
				14105F9122061A740094BE13 /* Main.storyboard */,
				14105F9722061A750094BE13 /* Assets.xcassets */,
				14105F9922061A750094BE13 /* LaunchScreen.storyboard */,
				14105F9C22061A750094BE13 /* Info.plist */,
				14105F9422061A740094BE13 /* SwiftBasics.xcdatamodeld */,
			);
			path = SwiftBasics;
			sourceTree = "<group>";
		};
		14105FA422061A750094BE13 /* SwiftBasicsUITests */ = {
			isa = PBXGroup;
			children = (
				14105FA522061A750094BE13 /* SwiftBasicsUITests.swift */,
				14105FA722061A750094BE13 /* Info.plist */,
			);
			path = SwiftBasicsUITests;
			sourceTree = "<group>";
		};
/* End PBXGroup section */

/* Begin PBXNativeTarget section */
		14105F8922061A740094BE13 /* SwiftBasics */ = {
			isa = PBXNativeTarget;
			buildConfigurationList = 14105FAA22061A750094BE13 /* Build configuration list for PBXNativeTarget "SwiftBasics" */;
			buildPhases = (
				14105F8622061A740094BE13 /* Sources */,
				14105F8722061A740094BE13 /* Frameworks */,
				14105F8822061A740094BE13 /* Resources */,
			);
			buildRules = (
			);
			dependencies = (
			);
			name = SwiftBasics;
			productName = SwiftBasics;
			productReference = 14105F8A22061A740094BE13 /* SwiftBasics.app */;
			productType = "com.apple.product-type.application";
		};
		14105FA022061A750094BE13 /* SwiftBasicsUITests */ = {
			isa = PBXNativeTarget;
			buildConfigurationList = 14105FAD22061A750094BE13 /* Build configuration list for PBXNativeTarget "SwiftBasicsUITests" */;
			buildPhases = (
				14105F9D22061A750094BE13 /* Sources */,
				14105F9E22061A750094BE13 /* Frameworks */,
				14105F9F22061A750094BE13 /* Resources */,
			);
			buildRules = (
			);
			dependencies = (
				14105FA322061A750094BE13 /* PBXTargetDependency */,
			);
			name = SwiftBasicsUITests;
			productName = SwiftBasicsUITests;
			productReference = 14105FA122061A750094BE13 /* SwiftBasicsUITests.xctest */;
			productType = "com.apple.product-type.bundle.ui-testing";
		};
/* End PBXNativeTarget section */

/* Begin PBXProject section */
		14105F8222061A740094BE13 /* Project object */ = {
			isa = PBXProject;
			attributes = {
				LastSwiftUpdateCheck = 1010;
				LastUpgradeCheck = 1010;
				ORGANIZATIONNAME = "Alec Richardson";
				TargetAttributes = {
					14105F8922061A740094BE13 = {
						CreatedOnToolsVersion = 10.1;
					};
					14105FA022061A750094BE13 = {
						CreatedOnToolsVersion = 10.1;
						TestTargetID = 14105F8922061A740094BE13;
					};
				};
			};
			buildConfigurationList = 14105F8522061A740094BE13 /* Build configuration list for PBXProject "SwiftBasics" */;
			compatibilityVersion = "Xcode 9.3";
			developmentRegion = en;
			hasScannedForEncodings = 0;
			knownRegions = (
				en,
				Base,
			);
			mainGroup = 14105F8122061A740094BE13;
			productRefGroup = 14105F8B22061A740094BE13 /* Products */;
			projectDirPath = "";
			projectRoot = "";
			targets = (
				14105F8922061A740094BE13 /* SwiftBasics */,
				14105FA022061A750094BE13 /* SwiftBasicsUITests */,
			);
		};
/* End PBXProject section */

/* Begin PBXResourcesBuildPhase section */
		14105F8822061A740094BE13 /* Resources */ = {
			isa = PBXResourcesBuildPhase;
			buildActionMask = 2147483647;
			files = (
				14105F9B22061A750094BE13 /* LaunchScreen.storyboard in Resources */,
				14105F9822061A750094BE13 /* Assets.xcassets in Resources */,
				14105F9322061A740094BE13 /* Main.storyboard in Resources */,
			);
			runOnlyForDeploymentPostprocessing = 0;
		};
		14105F9F22061A750094BE13 /* Resources */ = {
			isa = PBXResourcesBuildPhase;
			buildActionMask = 2147483647;
			files = (
			);
			runOnlyForDeploymentPostprocessing = 0;
		};
/* End PBXResourcesBuildPhase section */

/* Begin PBXSourcesBuildPhase section */
		14105F8622061A740094BE13 /* Sources */ = {
			isa = PBXSourcesBuildPhase;
			buildActionMask = 2147483647;
			files = (
				14105F9022061A740094BE13 /* ViewController.swift in Sources */,
				14105F9622061A740094BE13 /* SwiftBasics.xcdatamodeld in Sources */,
				14105F8E22061A740094BE13 /* AppDelegate.swift in Sources */,
			);
			runOnlyForDeploymentPostprocessing = 0;
		};
		14105F9D22061A750094BE13 /* Sources */ = {
			isa = PBXSourcesBuildPhase;
			buildActionMask = 2147483647;
			files = (
				14105FA622061A750094BE13 /* SwiftBasicsUITests.swift in Sources */,
			);
			runOnlyForDeploymentPostprocessing = 0;
		};
/* End PBXSourcesBuildPhase section */

/* Begin PBXTargetDependency section */
		14105FA322061A750094BE13 /* PBXTargetDependency */ = {
			isa = PBXTargetDependency;
			target = 14105F8922061A740094BE13 /* SwiftBasics */;
			targetProxy = 14105FA222061A750094BE13 /* PBXContainerItemProxy */;
		};
/* End PBXTargetDependency section */

/* Begin PBXVariantGroup section */
		14105F9122061A740094BE13 /* Main.storyboard */ = {
			isa = PBXVariantGroup;
			children = (
				14105F9222061A740094BE13 /* Base */,
			);
			name = Main.storyboard;
			sourceTree = "<group>";
		};
		14105F9922061A750094BE13 /* LaunchScreen.storyboard */ = {
			isa = PBXVariantGroup;
			children = (
				14105F9A22061A750094BE13 /* Base */,
			);
			name = LaunchScreen.storyboard;
			sourceTree = "<group>";
		};
/* End PBXVariantGroup section */

/* Begin XCBuildConfiguration section */
		14105FA822061A750094BE13 /* Debug */ = {
			isa = XCBuildConfiguration;
			buildSettings = {
				ALWAYS_SEARCH_USER_PATHS = NO;
				CLANG_ANALYZER_NONNULL = YES;
				CLANG_ANALYZER_NUMBER_OBJECT_CONVERSION = YES_AGGRESSIVE;
				CLANG_CXX_LANGUAGE_STANDARD = "gnu++14";
				CLANG_CXX_LIBRARY = "libc++";
				CLANG_ENABLE_MODULES = YES;
				CLANG_ENABLE_OBJC_ARC = YES;
				CLANG_ENABLE_OBJC_WEAK = YES;
				CLANG_WARN_BLOCK_CAPTURE_AUTORELEASING = YES;
				CLANG_WARN_BOOL_CONVERSION = YES;
				CLANG_WARN_COMMA = YES;
				CLANG_WARN_CONSTANT_CONVERSION = YES;
				CLANG_WARN_DEPRECATED_OBJC_IMPLEMENTATIONS = YES;
				CLANG_WARN_DIRECT_OBJC_ISA_USAGE = YES_ERROR;
				CLANG_WARN_DOCUMENTATION_COMMENTS = YES;
				CLANG_WARN_EMPTY_BODY = YES;
				CLANG_WARN_ENUM_CONVERSION = YES;
				CLANG_WARN_INFINITE_RECURSION = YES;
				CLANG_WARN_INT_CONVERSION = YES;
				CLANG_WARN_NON_LITERAL_NULL_CONVERSION = YES;
				CLANG_WARN_OBJC_IMPLICIT_RETAIN_SELF = YES;
				CLANG_WARN_OBJC_LITERAL_CONVERSION = YES;
				CLANG_WARN_OBJC_ROOT_CLASS = YES_ERROR;
				CLANG_WARN_RANGE_LOOP_ANALYSIS = YES;
				CLANG_WARN_STRICT_PROTOTYPES = YES;
				CLANG_WARN_SUSPICIOUS_MOVE = YES;
				CLANG_WARN_UNGUARDED_AVAILABILITY = YES_AGGRESSIVE;
				CLANG_WARN_UNREACHABLE_CODE = YES;
				CLANG_WARN__DUPLICATE_METHOD_MATCH = YES;
				CODE_SIGN_IDENTITY = "iPhone Developer";
				COPY_PHASE_STRIP = NO;
				DEBUG_INFORMATION_FORMAT = dwarf;
				ENABLE_STRICT_OBJC_MSGSEND = YES;
				ENABLE_TESTABILITY = YES;
				GCC_C_LANGUAGE_STANDARD = gnu11;
				GCC_DYNAMIC_NO_PIC = NO;
				GCC_NO_COMMON_BLOCKS = YES;
				GCC_OPTIMIZATION_LEVEL = 0;
				GCC_PREPROCESSOR_DEFINITIONS = (
					"DEBUG=1",
					"$(inherited)",
				);
				GCC_WARN_64_TO_32_BIT_CONVERSION = YES;
				GCC_WARN_ABOUT_RETURN_TYPE = YES_ERROR;
				GCC_WARN_UNDECLARED_SELECTOR = YES;
				GCC_WARN_UNINITIALIZED_AUTOS = YES_AGGRESSIVE;
				GCC_WARN_UNUSED_FUNCTION = YES;
				GCC_WARN_UNUSED_VARIABLE = YES;
				IPHONEOS_DEPLOYMENT_TARGET = 12.1;
				MTL_ENABLE_DEBUG_INFO = INCLUDE_SOURCE;
				MTL_FAST_MATH = YES;
				ONLY_ACTIVE_ARCH = YES;
				SDKROOT = iphoneos;
				SWIFT_ACTIVE_COMPILATION_CONDITIONS = DEBUG;
				SWIFT_OPTIMIZATION_LEVEL = "-Onone";
			};
			name = Debug;
		};
		14105FA922061A750094BE13 /* Release */ = {
			isa = XCBuildConfiguration;
			buildSettings = {
				ALWAYS_SEARCH_USER_PATHS = NO;
				CLANG_ANALYZER_NONNULL = YES;
				CLANG_ANALYZER_NUMBER_OBJECT_CONVERSION = YES_AGGRESSIVE;
				CLANG_CXX_LANGUAGE_STANDARD = "gnu++14";
				CLANG_CXX_LIBRARY = "libc++";
				CLANG_ENABLE_MODULES = YES;
				CLANG_ENABLE_OBJC_ARC = YES;
				CLANG_ENABLE_OBJC_WEAK = YES;
				CLANG_WARN_BLOCK_CAPTURE_AUTORELEASING = YES;
				CLANG_WARN_BOOL_CONVERSION = YES;
				CLANG_WARN_COMMA = YES;
				CLANG_WARN_CONSTANT_CONVERSION = YES;
				CLANG_WARN_DEPRECATED_OBJC_IMPLEMENTATIONS = YES;
				CLANG_WARN_DIRECT_OBJC_ISA_USAGE = YES_ERROR;
				CLANG_WARN_DOCUMENTATION_COMMENTS = YES;
				CLANG_WARN_EMPTY_BODY = YES;
				CLANG_WARN_ENUM_CONVERSION = YES;
				CLANG_WARN_INFINITE_RECURSION = YES;
				CLANG_WARN_INT_CONVERSION = YES;
				CLANG_WARN_NON_LITERAL_NULL_CONVERSION = YES;
				CLANG_WARN_OBJC_IMPLICIT_RETAIN_SELF = YES;
				CLANG_WARN_OBJC_LITERAL_CONVERSION = YES;
				CLANG_WARN_OBJC_ROOT_CLASS = YES_ERROR;
				CLANG_WARN_RANGE_LOOP_ANALYSIS = YES;
				CLANG_WARN_STRICT_PROTOTYPES = YES;
				CLANG_WARN_SUSPICIOUS_MOVE = YES;
				CLANG_WARN_UNGUARDED_AVAILABILITY = YES_AGGRESSIVE;
				CLANG_WARN_UNREACHABLE_CODE = YES;
				CLANG_WARN__DUPLICATE_METHOD_MATCH = YES;
				CODE_SIGN_IDENTITY = "iPhone Developer";
				COPY_PHASE_STRIP = NO;
				DEBUG_INFORMATION_FORMAT = "dwarf-with-dsym";
				ENABLE_NS_ASSERTIONS = NO;
				ENABLE_STRICT_OBJC_MSGSEND = YES;
				GCC_C_LANGUAGE_STANDARD = gnu11;
				GCC_NO_COMMON_BLOCKS = YES;
				GCC_WARN_64_TO_32_BIT_CONVERSION = YES;
				GCC_WARN_ABOUT_RETURN_TYPE = YES_ERROR;
				GCC_WARN_UNDECLARED_SELECTOR = YES;
				GCC_WARN_UNINITIALIZED_AUTOS = YES_AGGRESSIVE;
				GCC_WARN_UNUSED_FUNCTION = YES;
				GCC_WARN_UNUSED_VARIABLE = YES;
				IPHONEOS_DEPLOYMENT_TARGET = 12.1;
				MTL_ENABLE_DEBUG_INFO = NO;
				MTL_FAST_MATH = YES;
				SDKROOT = iphoneos;
				SWIFT_COMPILATION_MODE = wholemodule;
				SWIFT_OPTIMIZATION_LEVEL = "-O";
				VALIDATE_PRODUCT = YES;
			};
			name = Release;
		};
		14105FAB22061A750094BE13 /* Debug */ = {
			isa = XCBuildConfiguration;
			buildSettings = {
				ASSETCATALOG_COMPILER_APPICON_NAME = AppIcon;
				CODE_SIGN_STYLE = Automatic;
				DEVELOPMENT_TEAM = TTTVGU7L6V;
				INFOPLIST_FILE = SwiftBasics/Info.plist;
				LD_RUNPATH_SEARCH_PATHS = (
					"$(inherited)",
					"@executable_path/Frameworks",
				);
				PRODUCT_BUNDLE_IDENTIFIER = me.alecrichardson.SwiftBasics;
				PRODUCT_NAME = "$(TARGET_NAME)";
				SWIFT_VERSION = 4.2;
				TARGETED_DEVICE_FAMILY = "1,2";
			};
			name = Debug;
		};
		14105FAC22061A750094BE13 /* Release */ = {
			isa = XCBuildConfiguration;
			buildSettings = {
				ASSETCATALOG_COMPILER_APPICON_NAME = AppIcon;
				CODE_SIGN_STYLE = Automatic;
				DEVELOPMENT_TEAM = TTTVGU7L6V;
				INFOPLIST_FILE = SwiftBasics/Info.plist;
				LD_RUNPATH_SEARCH_PATHS = (
					"$(inherited)",
					"@executable_path/Frameworks",
				);
				PRODUCT_BUNDLE_IDENTIFIER = me.alecrichardson.SwiftBasics;
				PRODUCT_NAME = "$(TARGET_NAME)";
				SWIFT_VERSION = 4.2;
				TARGETED_DEVICE_FAMILY = "1,2";
			};
			name = Release;
		};
		14105FAE22061A750094BE13 /* Debug */ = {
			isa = XCBuildConfiguration;
			buildSettings = {
				ALWAYS_EMBED_SWIFT_STANDARD_LIBRARIES = YES;
				CODE_SIGN_STYLE = Automatic;
				DEVELOPMENT_TEAM = TTTVGU7L6V;
				INFOPLIST_FILE = SwiftBasicsUITests/Info.plist;
				LD_RUNPATH_SEARCH_PATHS = (
					"$(inherited)",
					"@executable_path/Frameworks",
					"@loader_path/Frameworks",
				);
				PRODUCT_BUNDLE_IDENTIFIER = me.alecrichardson.SwiftBasicsUITests;
				PRODUCT_NAME = "$(TARGET_NAME)";
				SWIFT_VERSION = 4.2;
				TARGETED_DEVICE_FAMILY = "1,2";
				TEST_TARGET_NAME = SwiftBasics;
			};
			name = Debug;
		};
		14105FAF22061A750094BE13 /* Release */ = {
			isa = XCBuildConfiguration;
			buildSettings = {
				ALWAYS_EMBED_SWIFT_STANDARD_LIBRARIES = YES;
				CODE_SIGN_STYLE = Automatic;
				DEVELOPMENT_TEAM = TTTVGU7L6V;
				INFOPLIST_FILE = SwiftBasicsUITests/Info.plist;
				LD_RUNPATH_SEARCH_PATHS = (
					"$(inherited)",
					"@executable_path/Frameworks",
					"@loader_path/Frameworks",
				);
				PRODUCT_BUNDLE_IDENTIFIER = me.alecrichardson.SwiftBasicsUITests;
				PRODUCT_NAME = "$(TARGET_NAME)";
				SWIFT_VERSION = 4.2;
				TARGETED_DEVICE_FAMILY = "1,2";
				TEST_TARGET_NAME = SwiftBasics;
			};
			name = Release;
		};
/* End XCBuildConfiguration section */

/* Begin XCConfigurationList section */
		14105F8522061A740094BE13 /* Build configuration list for PBXProject "SwiftBasics" */ = {
			isa = XCConfigurationList;
			buildConfigurations = (
				14105FA822061A750094BE13 /* Debug */,
				14105FA922061A750094BE13 /* Release */,
			);
			defaultConfigurationIsVisible = 0;
			defaultConfigurationName = Release;
		};
		14105FAA22061A750094BE13 /* Build configuration list for PBXNativeTarget "SwiftBasics" */ = {
			isa = XCConfigurationList;
			buildConfigurations = (
				14105FAB22061A750094BE13 /* Debug */,
				14105FAC22061A750094BE13 /* Release */,
			);
			defaultConfigurationIsVisible = 0;
			defaultConfigurationName = Release;
		};
		14105FAD22061A750094BE13 /* Build configuration list for PBXNativeTarget "SwiftBasicsUITests" */ = {
			isa = XCConfigurationList;
			buildConfigurations = (
				14105FAE22061A750094BE13 /* Debug */,
				14105FAF22061A750094BE13 /* Release */,
			);
			defaultConfigurationIsVisible = 0;
			defaultConfigurationName = Release;
		};
/* End XCConfigurationList section */

/* Begin XCVersionGroup section */
		14105F9422061A740094BE13 /* SwiftBasics.xcdatamodeld */ = {
			isa = XCVersionGroup;
			children = (
				14105F9522061A740094BE13 /* SwiftBasics.xcdatamodel */,
			);
			currentVersion = 14105F9522061A740094BE13 /* SwiftBasics.xcdatamodel */;
			path = SwiftBasics.xcdatamodeld;
			sourceTree = "<group>";
			versionGroupType = wrapper.xcdatamodel;
		};
/* End XCVersionGroup section */
	};
	rootObject = 14105F8222061A740094BE13 /* Project object */;
}
